PODS:
  - Alamofire (5.11.2)
  - ESPullToRefresh (2.9.3)
  - FSPagerView (0.8.3)
  - HXPhotoPicker (5.0.5):
    - HXPhotoPicker/Default (= 5.0.5)
  - HXPhotoPicker/Camera (5.0.5):
    - HXPhotoPicker/Camera/Lite (= 5.0.5)
    - HXPhotoPicker/Camera/Location (= 5.0.5)
  - HXPhotoPicker/Camera/Lite (5.0.5):
    - HXPhotoPicker/Core
  - HXPhotoPicker/Camera/Location (5.0.5):
    - HXPhotoPicker/Camera/Lite
  - HXPhotoPicker/Core (5.0.5):
    - HXPhotoPicker/Resources
  - HXPhotoPicker/Default (5.0.5):
    - HXPhotoPicker/Camera
    - HXPhotoPicker/Editor
    - HXPhotoPicker/Picker
  - HXPhotoPicker/Editor (5.0.5):
    - HXPhotoPicker/EditorView
  - HXPhotoPicker/EditorView (5.0.5):
    - HXPhotoPicker/Core
  - HXPhotoPicker/Picker (5.0.5):
    - HXPhotoPicker/Core
  - HXPhotoPicker/Resources (5.0.5)
  - IQKeyboardCore (1.0.5)
  - IQKeyboardManagerSwift (7.2.0):
    - IQKeyboardManagerSwift/Appearance (= 7.2.0)
    - IQKeyboardManagerSwift/Core (= 7.2.0)
    - IQKeyboardManagerSwift/IQKeyboardReturnKeyHandler (= 7.2.0)
    - IQKeyboardManagerSwift/IQKeyboardToolbarManager (= 7.2.0)
    - IQKeyboardManagerSwift/IQTextView (= 7.2.0)
    - IQKeyboardManagerSwift/Resign (= 7.2.0)
    - IQKeyboardNotification (= 1.0.3)
    - IQTextInputViewNotification (= 1.0.5)
  - IQKeyboardManagerSwift/Appearance (7.2.0):
    - IQKeyboardManagerSwift/Core
    - IQKeyboardNotification (= 1.0.3)
    - IQTextInputViewNotification (= 1.0.5)
  - IQKeyboardManagerSwift/Core (7.2.0):
    - IQKeyboardNotification (= 1.0.3)
    - IQTextInputViewNotification (= 1.0.5)
  - IQKeyboardManagerSwift/IQKeyboardReturnKeyHandler (7.2.0):
    - IQKeyboardNotification (= 1.0.3)
    - IQTextInputViewNotification (= 1.0.5)
  - IQKeyboardManagerSwift/IQKeyboardToolbarManager (7.2.0):
    - IQKeyboardManagerSwift/Core
    - IQKeyboardManagerSwift/IQKeyboardToolbarManager/IQKeyboardToolbar (= 7.2.0)
    - IQKeyboardNotification (= 1.0.3)
    - IQTextInputViewNotification (= 1.0.5)
  - IQKeyboardManagerSwift/IQKeyboardToolbarManager/IQKeyboardToolbar (7.2.0):
    - IQKeyboardManagerSwift/Core
    - IQKeyboardNotification (= 1.0.3)
    - IQTextInputViewNotification (= 1.0.5)
  - IQKeyboardManagerSwift/IQTextView (7.2.0):
    - IQKeyboardManagerSwift/IQKeyboardToolbarManager/IQKeyboardToolbar
    - IQKeyboardNotification (= 1.0.3)
    - IQTextInputViewNotification (= 1.0.5)
  - IQKeyboardManagerSwift/Resign (7.2.0):
    - IQKeyboardManagerSwift/Core
    - IQKeyboardNotification (= 1.0.3)
    - IQTextInputViewNotification (= 1.0.5)
  - IQKeyboardNotification (1.0.3)
  - IQTextInputViewNotification (1.0.5):
    - IQKeyboardCore (= 1.0.5)
  - Kingfisher (7.12.0)
  - MBProgressHUD (1.2.0)
  - SnapKit (5.7.1)
  - SwiftyJSON (5.0.2)
  - UMCommon (7.6.7):
    - UMDevice
  - UMDevice (3.6.0)

DEPENDENCIES:
  - Alamofire (~> 5.9)
  - ESPullToRefresh (~> 2.9)
  - FSPagerView (~> 0.8.3)
  - HXPhotoPicker (= 5.0.5)
  - IQKeyboardManagerSwift (~> 7.0)
  - Kingfisher (~> 7.12)
  - MBProgressHUD (~> 1.2)
  - SnapKit (~> 5.7)
  - SwiftyJSON (~> 5.0)
  - UMCommon (~> 7.6.7)

SPEC REPOS:
  https://mirrors.tuna.tsinghua.edu.cn/git/CocoaPods/Specs.git:
    - Alamofire
    - ESPullToRefresh
    - FSPagerView
    - HXPhotoPicker
    - IQKeyboardCore
    - IQKeyboardManagerSwift
    - IQKeyboardNotification
    - IQTextInputViewNotification
    - Kingfisher
    - MBProgressHUD
    - SnapKit
    - SwiftyJSON
    - UMCommon
    - UMDevice

SPEC CHECKSUMS:
  Alamofire: 400275dd1c6d87d95a041861d2a59da4b520a203
  ESPullToRefresh: 0d68daa602b343c81753a1b95e09fd0bfcddfd40
  FSPagerView: 670405b2f18e2a87fa37f20b00de783e562c25a8
  HXPhotoPicker: 73952d15fa0ea68a4757b786a506bdf1e44895c4
  IQKeyboardCore: 28c8bf3bcd8ba5aa1570b318cbc4da94b861711e
  IQKeyboardManagerSwift: 12d6ae3632ef744ccd033c048b566af13cc10d49
  IQKeyboardNotification: d7382c4466c5a5adef92c7452ebf861b36050088
  IQTextInputViewNotification: 4381fb828881983205fbee38f17da8a9fe2e835c
  Kingfisher: 53a10ea35051a436b5fb626ca2dd8f3144d755e9
  MBProgressHUD: 3ee5efcc380f6a79a7cc9b363dd669c5e1ae7406
  SnapKit: d612e99e678a2d3b95bf60b0705ed0a35c03484a
  SwiftyJSON: f5b1bf1cd8dd53cd25887ac0eabcfd92301c6a5a
  UMCommon: 52e6de716b16e9ea2167971ef013385254ea2d3a
  UMDevice: 20b7b3c37a36b2c5c7ca8b5a54386ff9ed2b3b19

PODFILE CHECKSUM: f43b32f3e4e9ab3b1c03d845e3b94f497e9460ff

COCOAPODS: 1.17.0
